{
  "name": "hl-framework",
  "version": "1.0.0",
  "lockfileVersion": 1,
  "requires": true,
  "dependencies": {
    "balanced-match": {
      "version": "1.0.0",
      "resolved": "http://r.npm.sankuai.com/balanced-match/download/balanced-match-1.0.0.tgz",
      "integrity": "sha1-ibTRmasr7kneFk6gK4nORi1xt2c=",
      "dev": true
    },
    "brace-expansion": {
      "version": "1.1.11",
      "resolved": "http://r.npm.sankuai.com/brace-expansion/download/brace-expansion-1.1.11.tgz",
      "integrity": "sha1-PH/L9SnYcibz0vUrlm/1Jx60Qd0=",
      "dev": true,
      "requires": {
        "balanced-match": "^1.0.0",
        "concat-map": "0.0.1"
      }
    },
    "camel-case": {
      "version": "3.0.0",
      "resolved": "http://r.npm.sankuai.com/camel-case/download/camel-case-3.0.0.tgz",
      "integrity": "sha1-yjw2iKTpzzpM2nd9xNy8cTJJz3M=",
      "dev": true,
      "requires": {
        "no-case": "^2.2.0",
        "upper-case": "^1.1.1"
      }
    },
    "clean-css": {
      "version": "4.2.3",
      "resolved": "http://r.npm.sankuai.com/clean-css/download/clean-css-4.2.3.tgz",
      "integrity": "sha1-UHtd59l7SO5T2ErbAWD/YhY4D3g=",
      "dev": true,
      "requires": {
        "source-map": "~0.6.0"
      }
    },
    "commander": {
      "version": "2.17.1",
      "resolved": "http://r.npm.sankuai.com/commander/download/commander-2.17.1.tgz",
      "integrity": "sha1-vXerfebelCBc6sxy8XFtKfIKd78=",
      "dev": true
    },
    "concat-map": {
      "version": "0.0.1",
      "resolved": "http://r.npm.sankuai.com/concat-map/download/concat-map-0.0.1.tgz",
      "integrity": "sha1-2Klr13/Wjfd5OnMDajug1UBdR3s=",
      "dev": true
    },
    "estree-walker": {
      "version": "0.2.1",
      "resolved": "http://r.npm.sankuai.com/estree-walker/download/estree-walker-0.2.1.tgz",
      "integrity": "sha1-va/oCVOD2EFNXcLs9MkXO225QS4=",
      "dev": true
    },
    "fsevents": {
      "version": "2.1.3",
      "resolved": "http://r.npm.sankuai.com/fsevents/download/fsevents-2.1.3.tgz",
      "integrity": "sha1-+3OHA66NL5/pAMM4Nt3r7ouX8j4=",
      "dev": true,
      "optional": true
    },
    "he": {
      "version": "1.2.0",
      "resolved": "http://r.npm.sankuai.com/he/download/he-1.2.0.tgz",
      "integrity": "sha1-hK5l+n6vsWX922FWauFLrwVmTw8=",
      "dev": true
    },
    "html-minifier": {
      "version": "3.5.21",
      "resolved": "http://r.npm.sankuai.com/html-minifier/download/html-minifier-3.5.21.tgz",
      "integrity": "sha1-0AQOBUcw41TbAIRjWTGUAVIS0gw=",
      "dev": true,
      "requires": {
        "camel-case": "3.0.x",
        "clean-css": "4.2.x",
        "commander": "2.17.x",
        "he": "1.2.x",
        "param-case": "2.1.x",
        "relateurl": "0.2.x",
        "uglify-js": "3.4.x"
      }
    },
    "lower-case": {
      "version": "1.1.4",
      "resolved": "http://r.npm.sankuai.com/lower-case/download/lower-case-1.1.4.tgz",
      "integrity": "sha1-miyr0bno4K6ZOkv31YdcOcQujqw=",
      "dev": true
    },
    "minimatch": {
      "version": "3.0.4",
      "resolved": "http://r.npm.sankuai.com/minimatch/download/minimatch-3.0.4.tgz",
      "integrity": "sha1-UWbihkV/AzBgZL5Ul+jbsMPTIIM=",
      "dev": true,
      "requires": {
        "brace-expansion": "^1.1.7"
      }
    },
    "no-case": {
      "version": "2.3.2",
      "resolved": "http://r.npm.sankuai.com/no-case/download/no-case-2.3.2.tgz",
      "integrity": "sha1-YLgTOWvjmz8SiKTB7V0efSi0ZKw=",
      "dev": true,
      "requires": {
        "lower-case": "^1.1.1"
      }
    },
    "node-html-parser": {
      "version": "1.4.9",
      "resolved": "http://r.npm.sankuai.com/node-html-parser/download/node-html-parser-1.4.9.tgz",
      "integrity": "sha1-PI9srEZHn65YAHJe21Mumuj9gWw=",
      "dev": true,
      "requires": {
        "he": "1.2.0"
      }
    },
    "param-case": {
      "version": "2.1.1",
      "resolved": "http://r.npm.sankuai.com/param-case/download/param-case-2.1.1.tgz",
      "integrity": "sha1-35T9jPZTHs915r75oIWPvHK+Ikc=",
      "dev": true,
      "requires": {
        "no-case": "^2.2.0"
      }
    },
    "relateurl": {
      "version": "0.2.7",
      "resolved": "http://r.npm.sankuai.com/relateurl/download/relateurl-0.2.7.tgz",
      "integrity": "sha1-VNvzd+UUQKypCkzSdGANP/LYiKk=",
      "dev": true
    },
    "rollup": {
      "version": "2.33.3",
      "resolved": "http://r.npm.sankuai.com/rollup/download/rollup-2.33.3.tgz",
      "integrity": "sha1-rnLOMfmSsJpYAHKVG/6nbp3xc0I=",
      "dev": true,
      "requires": {
        "fsevents": "~2.1.2"
      }
    },
    "rollup-plugin-html": {
      "version": "0.2.1",
      "resolved": "http://r.npm.sankuai.com/rollup-plugin-html/download/rollup-plugin-html-0.2.1.tgz",
      "integrity": "sha1-oYYuyoeuVLZ3aJ0NQTORHoImRj0=",
      "dev": true,
      "requires": {
        "html-minifier": "^3.0.2",
        "rollup-pluginutils": "^1.5.0"
      }
    },
    "rollup-plugin-html2": {
      "version": "2.0.0",
      "resolved": "http://r.npm.sankuai.com/rollup-plugin-html2/download/rollup-plugin-html2-2.0.0.tgz",
      "integrity": "sha1-mLN9iyJ9GXaRriEyZ6qPxr/upvk=",
      "dev": true,
      "requires": {
        "html-minifier": "^4.0.0",
        "node-html-parser": "^1.2.20"
      },
      "dependencies": {
        "commander": {
          "version": "2.20.3",
          "resolved": "http://r.npm.sankuai.com/commander/download/commander-2.20.3.tgz",
          "integrity": "sha1-/UhehMA+tIgcIHIrpIA16FMa6zM=",
          "dev": true
        },
        "html-minifier": {
          "version": "4.0.0",
          "resolved": "http://r.npm.sankuai.com/html-minifier/download/html-minifier-4.0.0.tgz",
          "integrity": "sha1-zKmq2LzhF14C4XqMM+RtiYiIn1Y=",
          "dev": true,
          "requires": {
            "camel-case": "^3.0.0",
            "clean-css": "^4.2.1",
            "commander": "^2.19.0",
            "he": "^1.2.0",
            "param-case": "^2.1.1",
            "relateurl": "^0.2.7",
            "uglify-js": "^3.5.1"
          }
        },
        "uglify-js": {
          "version": "3.11.6",
          "resolved": "http://r.npm.sankuai.com/uglify-js/download/uglify-js-3.11.6.tgz",
          "integrity": "sha1-FEtQ0+BerdOtTdBHxgylQajNTpw=",
          "dev": true
        }
      }
    },
    "rollup-pluginutils": {
      "version": "1.5.2",
      "resolved": "http://r.npm.sankuai.com/rollup-pluginutils/download/rollup-pluginutils-1.5.2.tgz",
      "integrity": "sha1-HhVud4+UtyVb+hs9AXi+j1xVJAg=",
      "dev": true,
      "requires": {
        "estree-walker": "^0.2.1",
        "minimatch": "^3.0.2"
      }
    },
    "source-map": {
      "version": "0.6.1",
      "resolved": "http://r.npm.sankuai.com/source-map/download/source-map-0.6.1.tgz",
      "integrity": "sha1-dHIq8y6WFOnCh6jQu95IteLxomM=",
      "dev": true
    },
    "uglify-js": {
      "version": "3.4.10",
      "resolved": "http://r.npm.sankuai.com/uglify-js/download/uglify-js-3.4.10.tgz",
      "integrity": "sha1-mtlWPY6zrN+404WX0q8dgV9qdV8=",
      "dev": true,
      "requires": {
        "commander": "~2.19.0",
        "source-map": "~0.6.1"
      },
      "dependencies": {
        "commander": {
          "version": "2.19.0",
          "resolved": "http://r.npm.sankuai.com/commander/download/commander-2.19.0.tgz",
          "integrity": "sha1-9hmKqE5bg8RgVLlN3tv+1e6f8So=",
          "dev": true
        }
      }
    },
    "upper-case": {
      "version": "1.1.3",
      "resolved": "http://r.npm.sankuai.com/upper-case/download/upper-case-1.1.3.tgz",
      "integrity": "sha1-9rRQHC7EzdJrp4vnIilh3ndiFZg=",
      "dev": true
    }
  }
}
